
Microsoft Visual Studio Solution File, Format Version 12.00
# Visual Studio Version 16
VisualStudioVersion = 16.0.31911.196
MinimumVisualStudioVersion = 10.0.40219.1
Project("{FAE04EC0-301F-11D3-BF4B-00C04F79EFBC}") = "GeneralService", "GeneralService\GeneralService.csproj", "{CDCE1ED3-AB6F-4330-AC38-A39BC0380FF8}"
EndProject
Global
	GlobalSection(SolutionConfigurationPlatforms) = preSolution
		Debug|Any CPU = Debug|Any CPU
		Release|Any CPU = Release|Any CPU
	EndGlobalSection
	GlobalSection(ProjectConfigurationPlatforms) = postSolution
		{CDCE1ED3-AB6F-4330-AC38-A39BC0380FF8}.Debug|Any CPU.ActiveCfg = Debug|Any CPU
		{CDCE1ED3-AB6F-4330-AC38-A39BC0380FF8}.Debug|Any CPU.Build.0 = Debug|Any CPU
		{CDCE1ED3-AB6F-4330-AC38-A39BC0380FF8}.Release|Any CPU.ActiveCfg = Release|Any CPU
		{CDCE1ED3-AB6F-4330-AC38-A39BC0380FF8}.Release|Any CPU.Build.0 = Release|Any CPU
	EndGlobalSection
	GlobalSection(SolutionProperties) = preSolution
		HideSolutionNode = FALSE
	EndGlobalSection
	GlobalSection(ExtensibilityGlobals) = postSolution
		SolutionGuid = {C616B9D4-CD70-433A-BA34-FC0E5E3E5446}
	EndGlobalSection
EndGlobal
